{
  "requires": true,
  "lockfileVersion": 1,
  "dependencies": {
    "classnames": {
      "version": "2.3.1",
      "resolved": "https://registry.npmjs.org/classnames/-/classnames-2.3.1.tgz",
      "integrity": "sha512-OlQdbZ7gLfGarSqxesMesDa5uz7KFbID8Kpq/SxIoNGDqY8lSYs0D+hhtBXhcdB3rcbXArFr7vlHheLk1voeNA=="
    },
    "react-before-after-slider": {
      "version": "1.0.4",
      "resolved": "https://registry.npmjs.org/react-before-after-slider/-/react-before-after-slider-1.0.4.tgz",
      "integrity": "sha512-zXuaiDqJkgkZ/9RaHKXS5Dh+zsOQW5b9nPgQbXt1fcI1bF4q+l/KCM50qhhH/EHKLhbtUYAb7nhqViowFbC3ZQ==",
      "requires": {
        "classnames": "^2.2.5",
        "react-block-image": "^1.0.0"
      }
    },
    "react-block-image": {
      "version": "1.0.0",
      "resolved": "https://registry.npmjs.org/react-block-image/-/react-block-image-1.0.0.tgz",
      "integrity": "sha1-XEbXoRX6fvpw1HeiWA7AybIQYoM="
    }
  }
}
